PODS:
  - cupertino_http (0.0.1):
    - Flutter
    - FlutterMacOS
  - flutter_inappwebview_macos (0.0.1):
    - FlutterMacOS
    - OrderedSet (~> 6.0.3)
  - FlutterMacOS (1.0.0)
  - OrderedSet (6.0.3)
  - tray_manager (0.0.1):
    - FlutterMacOS

DEPENDENCIES:
  - cupertino_http (from `Flutter/ephemeral/.symlinks/plugins/cupertino_http/darwin`)
  - flutter_inappwebview_macos (from `Flutter/ephemeral/.symlinks/plugins/flutter_inappwebview_macos/macos`)
  - FlutterMacOS (from `Flutter/ephemeral`)
  - tray_manager (from `Flutter/ephemeral/.symlinks/plugins/tray_manager/macos`)

SPEC REPOS:
  trunk:
    - OrderedSet

EXTERNAL SOURCES:
  cupertino_http:
    :path: Flutter/ephemeral/.symlinks/plugins/cupertino_http/darwin
  flutter_inappwebview_macos:
    :path: Flutter/ephemeral/.symlinks/plugins/flutter_inappwebview_macos/macos
  FlutterMacOS:
    :path: Flutter/ephemeral
  tray_manager:
    :path: Flutter/ephemeral/.symlinks/plugins/tray_manager/macos

SPEC CHECKSUMS:
  cupertino_http: 94ac07f5ff090b8effa6c5e2c47871d48ab7c86c
  flutter_inappwebview_macos: c2d68649f9f8f1831bfcd98d73fd6256366d9d1d
  FlutterMacOS: d0db08ddef1a9af05a5ec4b724367152bb0500b1
  OrderedSet: e539b66b644ff081c73a262d24ad552a69be3a94
  tray_manager: a104b5c81b578d83f3c3d0f40a997c8b10810166

PODFILE CHECKSUM: 54d867c82ac51cbd61b565781b9fada492027009

COCOAPODS: 1.16.2
